// !$*UTF8*$!
{
	archiveVersion = 1;
	classes = {
	};
	objectVersion = 46;
	objects = {

/* Begin PBXBuildFile section */
		2D25ED091E6DD97000C9903E /* GoogleService-Info.plist in Resources */ = {isa = PBXBuildFile; fileRef = 2D25ED081E6DD97000C9903E /* GoogleService-Info.plist */; };
		2D25ED111E6F189700C9903E /* ShareViewController.swift in Sources */ = {isa = PBXBuildFile; fileRef = 2D25ED101E6F189700C9903E /* ShareViewController.swift */; };
		2D25ED141E6F189700C9903E /* MainInterface.storyboard in Resources */ = {isa = PBXBuildFile; fileRef = 2D25ED121E6F189700C9903E /* MainInterface.storyboard */; };
		2D25ED181E6F189700C9903E /* ShareExtension.appex in Embed App Extensions */ = {isa = PBXBuildFile; fileRef = 2D25ED0E1E6F189700C9903E /* ShareExtension.appex */; settings = {ATTRIBUTES = (RemoveHeadersOnCopy, ); }; };
		2D25ED1E1E6F1B4700C9903E /* GetURL.js in Resources */ = {isa = PBXBuildFile; fileRef = 2D25ED1D1E6F1B4700C9903E /* GetURL.js */; };
		2D25ED201E6F5B0000C9903E /* weLearnCloudWhite.png in Resources */ = {isa = PBXBuildFile; fileRef = 2D25ED1F1E6F5B0000C9903E /* weLearnCloudWhite.png */; };
		2DF10C821E67670A00F83751 /* AnnouncementTableViewCell.swift in Sources */ = {isa = PBXBuildFile; fileRef = 2DF10C811E67670A00F83751 /* AnnouncementTableViewCell.swift */; };
		2DF10C841E6767FB00F83751 /* AgendaTableViewCell.swift in Sources */ = {isa = PBXBuildFile; fileRef = 2DF10C831E6767FB00F83751 /* AgendaTableViewCell.swift */; };
		2DF10C861E67687300F83751 /* DueDatesTableViewCell.swift in Sources */ = {isa = PBXBuildFile; fileRef = 2DF10C851E67687300F83751 /* DueDatesTableViewCell.swift */; };
		9C3FE0041E64CB6200ACC778 /* InitialViewController.swift in Sources */ = {isa = PBXBuildFile; fileRef = 9C3FE0031E64CB6200ACC778 /* InitialViewController.swift */; };
		9C3FE0061E64CC0900ACC778 /* HomeViewController.swift in Sources */ = {isa = PBXBuildFile; fileRef = 9C3FE0051E64CC0900ACC778 /* HomeViewController.swift */; };
		9C3FE0081E64CCA100ACC778 /* LinksCollectionViewController.swift in Sources */ = {isa = PBXBuildFile; fileRef = 9C3FE0071E64CCA100ACC778 /* LinksCollectionViewController.swift */; };
		9C3FE00C1E64CF6400ACC778 /* OldAnnouncementTableViewController.swift in Sources */ = {isa = PBXBuildFile; fileRef = 9C3FE00B1E64CF6400ACC778 /* OldAnnouncementTableViewController.swift */; };
		9CFB21241E706E1D0059EB98 /* AgendaTableViewController.swift in Sources */ = {isa = PBXBuildFile; fileRef = 9CFB21231E706E1C0059EB98 /* AgendaTableViewController.swift */; };
		9E6E91201E677BE100DAE0D1 /* APIRequestManager.swift in Sources */ = {isa = PBXBuildFile; fileRef = 9E6E911F1E677BE100DAE0D1 /* APIRequestManager.swift */; };
		9E6E91231E67817000DAE0D1 /* Agenda.swift in Sources */ = {isa = PBXBuildFile; fileRef = 9E6E91221E67817000DAE0D1 /* Agenda.swift */; };
		9E80178B1E712A9000409FA7 /* TestGrade.swift in Sources */ = {isa = PBXBuildFile; fileRef = 9E80178A1E712A9000409FA7 /* TestGrade.swift */; };
		9E80178D1E712AC500409FA7 /* Extension+String.swift in Sources */ = {isa = PBXBuildFile; fileRef = 9E80178C1E712AC500409FA7 /* Extension+String.swift */; };
		9EECFE871E64C83D00503F7F /* AppDelegate.swift in Sources */ = {isa = PBXBuildFile; fileRef = 9EECFE861E64C83D00503F7F /* AppDelegate.swift */; };
		9EECFE8E1E64C83D00503F7F /* Assets.xcassets in Resources */ = {isa = PBXBuildFile; fileRef = 9EECFE8D1E64C83D00503F7F /* Assets.xcassets */; };
		9EECFE911E64C83D00503F7F /* LaunchScreen.storyboard in Resources */ = {isa = PBXBuildFile; fileRef = 9EECFE8F1E64C83D00503F7F /* LaunchScreen.storyboard */; };
		D337DA2D1E64CA7200DEE7B5 /* Extension+UIColor.swift in Sources */ = {isa = PBXBuildFile; fileRef = D337DA2C1E64CA7200DEE7B5 /* Extension+UIColor.swift */; };
		D337DA2F1E64CAD100DEE7B5 /* Extension+NavBar.swift in Sources */ = {isa = PBXBuildFile; fileRef = D337DA2E1E64CAD100DEE7B5 /* Extension+NavBar.swift */; };
		D337DA311E64CB0200DEE7B5 /* Extension+UIView.swift in Sources */ = {isa = PBXBuildFile; fileRef = D337DA301E64CB0200DEE7B5 /* Extension+UIView.swift */; };
		D337DA331E64CB4A00DEE7B5 /* StyleMananger.swift in Sources */ = {isa = PBXBuildFile; fileRef = D337DA321E64CB4A00DEE7B5 /* StyleMananger.swift */; };
		D337DA351E64CB9100DEE7B5 /* OutlinedText.swift in Sources */ = {isa = PBXBuildFile; fileRef = D337DA341E64CB9100DEE7B5 /* OutlinedText.swift */; };
		D337DA391E64CF1A00DEE7B5 /* ShinyOvalButton.swift in Sources */ = {isa = PBXBuildFile; fileRef = D337DA381E64CF1A00DEE7B5 /* ShinyOvalButton.swift */; };
		D337DA3D1E64DABB00DEE7B5 /* PaddedTextField.swift in Sources */ = {isa = PBXBuildFile; fileRef = D337DA3C1E64DABB00DEE7B5 /* PaddedTextField.swift */; };
		D343FDAB1E6A258F00DABD00 /* Announcement.swift in Sources */ = {isa = PBXBuildFile; fileRef = D343FDAA1E6A258E00DABD00 /* Announcement.swift */; };
		D343FDAF1E6B120A00DABD00 /* LinkCollectionViewCell.swift in Sources */ = {isa = PBXBuildFile; fileRef = D343FDAE1E6B120A00DABD00 /* LinkCollectionViewCell.swift */; };
		D343FDB11E6B426F00DABD00 /* Link.swift in Sources */ = {isa = PBXBuildFile; fileRef = D343FDB01E6B426F00DABD00 /* Link.swift */; };
		D388A36B1E6F313300A44EF0 /* ProfileViewController.swift in Sources */ = {isa = PBXBuildFile; fileRef = D388A36A1E6F313300A44EF0 /* ProfileViewController.swift */; };
		D388A36D1E704C8B00A44EF0 /* GradeTableViewCell.swift in Sources */ = {isa = PBXBuildFile; fileRef = D388A36C1E704C8A00A44EF0 /* GradeTableViewCell.swift */; };
		D388A3751E70632B00A44EF0 /* Achievement.swift in Sources */ = {isa = PBXBuildFile; fileRef = D388A3741E70632B00A44EF0 /* Achievement.swift */; };
		D388A3771E706A1900A44EF0 /* Grade.swift in Sources */ = {isa = PBXBuildFile; fileRef = D388A3761E706A1900A44EF0 /* Grade.swift */; };
		D388A3791E709ACD00A44EF0 /* Assignment.swift in Sources */ = {isa = PBXBuildFile; fileRef = D388A3781E709ACD00A44EF0 /* Assignment.swift */; };
		D388A37B1E70A76D00A44EF0 /* AssignmentTableViewCell.swift in Sources */ = {isa = PBXBuildFile; fileRef = D388A37A1E70A76D00A44EF0 /* AssignmentTableViewCell.swift */; };
		D388A37D1E70AA2400A44EF0 /* AssignmentTableViewController.swift in Sources */ = {isa = PBXBuildFile; fileRef = D388A37C1E70AA2400A44EF0 /* AssignmentTableViewController.swift */; };
		D388A3811E71C14500A44EF0 /* AchievementCollectionViewCell.swift in Sources */ = {isa = PBXBuildFile; fileRef = D388A3801E71C14500A44EF0 /* AchievementCollectionViewCell.swift */; };
		D388A3831E71EE9700A44EF0 /* Student.swift in Sources */ = {isa = PBXBuildFile; fileRef = D388A3821E71EE9700A44EF0 /* Student.swift */; };
		D3F0E6301E661C2900C5E594 /* Tiresias_Infofont_Italic.ttf in Resources */ = {isa = PBXBuildFile; fileRef = D3F0E62E1E661C2900C5E594 /* Tiresias_Infofont_Italic.ttf */; };
		D3F0E6311E661C2900C5E594 /* Tiresias_Infofont.ttf in Resources */ = {isa = PBXBuildFile; fileRef = D3F0E62F1E661C2900C5E594 /* Tiresias_Infofont.ttf */; };
		D3F0E6331E661CB500C5E594 /* Thirtysix.ttf in Resources */ = {isa = PBXBuildFile; fileRef = D3F0E6321E661CB500C5E594 /* Thirtysix.ttf */; };
		D3F0E6351E6622DF00C5E594 /* HeaderLabel.swift in Sources */ = {isa = PBXBuildFile; fileRef = D3F0E6341E6622DF00C5E594 /* HeaderLabel.swift */; };
		EA9815AA4403842200BFCA50 /* Pods_weLearn.framework in Frameworks */ = {isa = PBXBuildFile; fileRef = 01F35F447069D852D8DD870A /* Pods_weLearn.framework */; };
/* End PBXBuildFile section */

/* Begin PBXContainerItemProxy section */
		2D25ED161E6F189700C9903E /* PBXContainerItemProxy */ = {
			isa = PBXContainerItemProxy;
			containerPortal = 9EECFE7B1E64C83C00503F7F /* Project object */;
			proxyType = 1;
			remoteGlobalIDString = 2D25ED0D1E6F189700C9903E;
			remoteInfo = ShareExtension;
		};
/* End PBXContainerItemProxy section */

/* Begin PBXCopyFilesBuildPhase section */
		2D25ED1C1E6F189700C9903E /* Embed App Extensions */ = {
			isa = PBXCopyFilesBuildPhase;
			buildActionMask = 2147483647;
			dstPath = "";
			dstSubfolderSpec = 13;
			files = (
				2D25ED181E6F189700C9903E /* ShareExtension.appex in Embed App Extensions */,
			);
			name = "Embed App Extensions";
			runOnlyForDeploymentPostprocessing = 0;
		};
/* End PBXCopyFilesBuildPhase section */

/* Begin PBXFileReference section */
		01F35F447069D852D8DD870A /* Pods_weLearn.framework */ = {isa = PBXFileReference; explicitFileType = wrapper.framework; includeInIndex = 0; path = Pods_weLearn.framework; sourceTree = BUILT_PRODUCTS_DIR; };
		2D25ED081E6DD97000C9903E /* GoogleService-Info.plist */ = {isa = PBXFileReference; fileEncoding = 4; lastKnownFileType = text.plist.xml; path = "GoogleService-Info.plist"; sourceTree = "<group>"; };
		2D25ED0E1E6F189700C9903E /* ShareExtension.appex */ = {isa = PBXFileReference; explicitFileType = "wrapper.app-extension"; includeInIndex = 0; path = ShareExtension.appex; sourceTree = BUILT_PRODUCTS_DIR; };
		2D25ED101E6F189700C9903E /* ShareViewController.swift */ = {isa = PBXFileReference; lastKnownFileType = sourcecode.swift; path = ShareViewController.swift; sourceTree = "<group>"; };
		2D25ED131E6F189700C9903E /* Base */ = {isa = PBXFileReference; lastKnownFileType = file.storyboard; name = Base; path = Base.lproj/MainInterface.storyboard; sourceTree = "<group>"; };
		2D25ED151E6F189700C9903E /* Info.plist */ = {isa = PBXFileReference; lastKnownFileType = text.plist.xml; path = Info.plist; sourceTree = "<group>"; };
		2D25ED1D1E6F1B4700C9903E /* GetURL.js */ = {isa = PBXFileReference; fileEncoding = 4; lastKnownFileType = sourcecode.javascript; path = GetURL.js; sourceTree = "<group>"; };
		2D25ED1F1E6F5B0000C9903E /* weLearnCloudWhite.png */ = {isa = PBXFileReference; lastKnownFileType = image.png; path = weLearnCloudWhite.png; sourceTree = "<group>"; };
		2D25ED271E70705E00C9903E /* weLearn.entitlements */ = {isa = PBXFileReference; lastKnownFileType = text.plist.entitlements; path = weLearn.entitlements; sourceTree = "<group>"; };
		2D25ED281E707C9100C9903E /* ShareExtension.entitlements */ = {isa = PBXFileReference; lastKnownFileType = text.plist.entitlements; path = ShareExtension.entitlements; sourceTree = "<group>"; };
		2DF10C811E67670A00F83751 /* AnnouncementTableViewCell.swift */ = {isa = PBXFileReference; fileEncoding = 4; lastKnownFileType = sourcecode.swift; path = AnnouncementTableViewCell.swift; sourceTree = "<group>"; };
		2DF10C831E6767FB00F83751 /* AgendaTableViewCell.swift */ = {isa = PBXFileReference; fileEncoding = 4; lastKnownFileType = sourcecode.swift; path = AgendaTableViewCell.swift; sourceTree = "<group>"; };
		2DF10C851E67687300F83751 /* DueDatesTableViewCell.swift */ = {isa = PBXFileReference; fileEncoding = 4; lastKnownFileType = sourcecode.swift; path = DueDatesTableViewCell.swift; sourceTree = "<group>"; };
		51E4D27866E49E336ED8D777 /* Pods-weLearn.debug.xcconfig */ = {isa = PBXFileReference; includeInIndex = 1; lastKnownFileType = text.xcconfig; name = "Pods-weLearn.debug.xcconfig"; path = "Pods/Target Support Files/Pods-weLearn/Pods-weLearn.debug.xcconfig"; sourceTree = "<group>"; };
		9C3FE0031E64CB6200ACC778 /* InitialViewController.swift */ = {isa = PBXFileReference; fileEncoding = 4; lastKnownFileType = sourcecode.swift; path = InitialViewController.swift; sourceTree = "<group>"; };
		9C3FE0051E64CC0900ACC778 /* HomeViewController.swift */ = {isa = PBXFileReference; fileEncoding = 4; lastKnownFileType = sourcecode.swift; path = HomeViewController.swift; sourceTree = "<group>"; };
		9C3FE0071E64CCA100ACC778 /* LinksCollectionViewController.swift */ = {isa = PBXFileReference; fileEncoding = 4; lastKnownFileType = sourcecode.swift; path = LinksCollectionViewController.swift; sourceTree = "<group>"; };
		9C3FE00B1E64CF6400ACC778 /* OldAnnouncementTableViewController.swift */ = {isa = PBXFileReference; fileEncoding = 4; lastKnownFileType = sourcecode.swift; path = OldAnnouncementTableViewController.swift; sourceTree = "<group>"; };
		9CFB21231E706E1C0059EB98 /* AgendaTableViewController.swift */ = {isa = PBXFileReference; fileEncoding = 4; lastKnownFileType = sourcecode.swift; path = AgendaTableViewController.swift; sourceTree = "<group>"; };
		9E6E911F1E677BE100DAE0D1 /* APIRequestManager.swift */ = {isa = PBXFileReference; fileEncoding = 4; lastKnownFileType = sourcecode.swift; path = APIRequestManager.swift; sourceTree = "<group>"; };
		9E6E91221E67817000DAE0D1 /* Agenda.swift */ = {isa = PBXFileReference; fileEncoding = 4; lastKnownFileType = sourcecode.swift; path = Agenda.swift; sourceTree = "<group>"; };
		9E80178A1E712A9000409FA7 /* TestGrade.swift */ = {isa = PBXFileReference; fileEncoding = 4; lastKnownFileType = sourcecode.swift; path = TestGrade.swift; sourceTree = "<group>"; };
		9E80178C1E712AC500409FA7 /* Extension+String.swift */ = {isa = PBXFileReference; fileEncoding = 4; lastKnownFileType = sourcecode.swift; path = "Extension+String.swift"; sourceTree = "<group>"; };
		9EECFE831E64C83D00503F7F /* weLearn.app */ = {isa = PBXFileReference; explicitFileType = wrapper.application; includeInIndex = 0; path = weLearn.app; sourceTree = BUILT_PRODUCTS_DIR; };
		9EECFE861E64C83D00503F7F /* AppDelegate.swift */ = {isa = PBXFileReference; lastKnownFileType = sourcecode.swift; path = AppDelegate.swift; sourceTree = "<group>"; };
		9EECFE8D1E64C83D00503F7F /* Assets.xcassets */ = {isa = PBXFileReference; lastKnownFileType = folder.assetcatalog; path = Assets.xcassets; sourceTree = "<group>"; };
		9EECFE901E64C83D00503F7F /* Base */ = {isa = PBXFileReference; lastKnownFileType = file.storyboard; name = Base; path = Base.lproj/LaunchScreen.storyboard; sourceTree = "<group>"; };
		9EECFE921E64C83D00503F7F /* Info.plist */ = {isa = PBXFileReference; lastKnownFileType = text.plist.xml; path = Info.plist; sourceTree = "<group>"; };
		C8618649D51838DE28792458 /* Pods_ShareExtension.framework */ = {isa = PBXFileReference; explicitFileType = wrapper.framework; includeInIndex = 0; path = Pods_ShareExtension.framework; sourceTree = BUILT_PRODUCTS_DIR; };
		D337DA2C1E64CA7200DEE7B5 /* Extension+UIColor.swift */ = {isa = PBXFileReference; fileEncoding = 4; lastKnownFileType = sourcecode.swift; path = "Extension+UIColor.swift"; sourceTree = "<group>"; };
		D337DA2E1E64CAD100DEE7B5 /* Extension+NavBar.swift */ = {isa = PBXFileReference; fileEncoding = 4; lastKnownFileType = sourcecode.swift; path = "Extension+NavBar.swift"; sourceTree = "<group>"; };
		D337DA301E64CB0200DEE7B5 /* Extension+UIView.swift */ = {isa = PBXFileReference; fileEncoding = 4; lastKnownFileType = sourcecode.swift; path = "Extension+UIView.swift"; sourceTree = "<group>"; };
		D337DA321E64CB4A00DEE7B5 /* StyleMananger.swift */ = {isa = PBXFileReference; fileEncoding = 4; lastKnownFileType = sourcecode.swift; path = StyleMananger.swift; sourceTree = "<group>"; };
		D337DA341E64CB9100DEE7B5 /* OutlinedText.swift */ = {isa = PBXFileReference; fileEncoding = 4; lastKnownFileType = sourcecode.swift; path = OutlinedText.swift; sourceTree = "<group>"; };
		D337DA381E64CF1A00DEE7B5 /* ShinyOvalButton.swift */ = {isa = PBXFileReference; fileEncoding = 4; lastKnownFileType = sourcecode.swift; path = ShinyOvalButton.swift; sourceTree = "<group>"; };
		D337DA3C1E64DABB00DEE7B5 /* PaddedTextField.swift */ = {isa = PBXFileReference; fileEncoding = 4; lastKnownFileType = sourcecode.swift; path = PaddedTextField.swift; sourceTree = "<group>"; };
		D343FDAA1E6A258E00DABD00 /* Announcement.swift */ = {isa = PBXFileReference; fileEncoding = 4; lastKnownFileType = sourcecode.swift; path = Announcement.swift; sourceTree = "<group>"; };
		D343FDAE1E6B120A00DABD00 /* LinkCollectionViewCell.swift */ = {isa = PBXFileReference; fileEncoding = 4; lastKnownFileType = sourcecode.swift; path = LinkCollectionViewCell.swift; sourceTree = "<group>"; };
		D343FDB01E6B426F00DABD00 /* Link.swift */ = {isa = PBXFileReference; fileEncoding = 4; lastKnownFileType = sourcecode.swift; path = Link.swift; sourceTree = "<group>"; };
		D388A36A1E6F313300A44EF0 /* ProfileViewController.swift */ = {isa = PBXFileReference; fileEncoding = 4; lastKnownFileType = sourcecode.swift; path = ProfileViewController.swift; sourceTree = "<group>"; };
		D388A36C1E704C8A00A44EF0 /* GradeTableViewCell.swift */ = {isa = PBXFileReference; fileEncoding = 4; lastKnownFileType = sourcecode.swift; path = GradeTableViewCell.swift; sourceTree = "<group>"; };
		D388A3741E70632B00A44EF0 /* Achievement.swift */ = {isa = PBXFileReference; fileEncoding = 4; lastKnownFileType = sourcecode.swift; path = Achievement.swift; sourceTree = "<group>"; };
		D388A3761E706A1900A44EF0 /* Grade.swift */ = {isa = PBXFileReference; fileEncoding = 4; lastKnownFileType = sourcecode.swift; path = Grade.swift; sourceTree = "<group>"; };
		D388A3781E709ACD00A44EF0 /* Assignment.swift */ = {isa = PBXFileReference; fileEncoding = 4; lastKnownFileType = sourcecode.swift; path = Assignment.swift; sourceTree = "<group>"; };
		D388A37A1E70A76D00A44EF0 /* AssignmentTableViewCell.swift */ = {isa = PBXFileReference; fileEncoding = 4; lastKnownFileType = sourcecode.swift; path = AssignmentTableViewCell.swift; sourceTree = "<group>"; };
		D388A37C1E70AA2400A44EF0 /* AssignmentTableViewController.swift */ = {isa = PBXFileReference; fileEncoding = 4; lastKnownFileType = sourcecode.swift; path = AssignmentTableViewController.swift; sourceTree = "<group>"; };
		D388A3801E71C14500A44EF0 /* AchievementCollectionViewCell.swift */ = {isa = PBXFileReference; fileEncoding = 4; lastKnownFileType = sourcecode.swift; path = AchievementCollectionViewCell.swift; sourceTree = "<group>"; };
		D388A3821E71EE9700A44EF0 /* Student.swift */ = {isa = PBXFileReference; fileEncoding = 4; lastKnownFileType = sourcecode.swift; path = Student.swift; sourceTree = "<group>"; };
		D3F0E62E1E661C2900C5E594 /* Tiresias_Infofont_Italic.ttf */ = {isa = PBXFileReference; lastKnownFileType = file; path = Tiresias_Infofont_Italic.ttf; sourceTree = "<group>"; };
		D3F0E62F1E661C2900C5E594 /* Tiresias_Infofont.ttf */ = {isa = PBXFileReference; lastKnownFileType = file; path = Tiresias_Infofont.ttf; sourceTree = "<group>"; };
		D3F0E6321E661CB500C5E594 /* Thirtysix.ttf */ = {isa = PBXFileReference; lastKnownFileType = file; path = Thirtysix.ttf; sourceTree = "<group>"; };
		D3F0E6341E6622DF00C5E594 /* HeaderLabel.swift */ = {isa = PBXFileReference; fileEncoding = 4; lastKnownFileType = sourcecode.swift; path = HeaderLabel.swift; sourceTree = "<group>"; };
		E98E141D62FC8335A693C086 /* Pods-weLearn.release.xcconfig */ = {isa = PBXFileReference; includeInIndex = 1; lastKnownFileType = text.xcconfig; name = "Pods-weLearn.release.xcconfig"; path = "Pods/Target Support Files/Pods-weLearn/Pods-weLearn.release.xcconfig"; sourceTree = "<group>"; };
/* End PBXFileReference section */

/* Begin PBXFrameworksBuildPhase section */
		2D25ED0B1E6F189700C9903E /* Frameworks */ = {
			isa = PBXFrameworksBuildPhase;
			buildActionMask = 2147483647;
			files = (
			);
			runOnlyForDeploymentPostprocessing = 0;
		};
		9EECFE801E64C83C00503F7F /* Frameworks */ = {
			isa = PBXFrameworksBuildPhase;
			buildActionMask = 2147483647;
			files = (
				EA9815AA4403842200BFCA50 /* Pods_weLearn.framework in Frameworks */,
			);
			runOnlyForDeploymentPostprocessing = 0;
		};
/* End PBXFrameworksBuildPhase section */

/* Begin PBXGroup section */
		2D25ED0F1E6F189700C9903E /* ShareExtension */ = {
			isa = PBXGroup;
			children = (
				2D25ED281E707C9100C9903E /* ShareExtension.entitlements */,
				2D25ED101E6F189700C9903E /* ShareViewController.swift */,
				2D25ED1F1E6F5B0000C9903E /* weLearnCloudWhite.png */,
				2D25ED121E6F189700C9903E /* MainInterface.storyboard */,
				2D25ED151E6F189700C9903E /* Info.plist */,
				2D25ED1D1E6F1B4700C9903E /* GetURL.js */,
			);
			path = ShareExtension;
			sourceTree = "<group>";
		};
		6689E652E8487A0ECCDE4A6F /* Frameworks */ = {
			isa = PBXGroup;
			children = (
				01F35F447069D852D8DD870A /* Pods_weLearn.framework */,
				C8618649D51838DE28792458 /* Pods_ShareExtension.framework */,
			);
			name = Frameworks;
			sourceTree = "<group>";
		};
		9E6E911E1E677BA800DAE0D1 /* Networking */ = {
			isa = PBXGroup;
			children = (
				9E6E911F1E677BE100DAE0D1 /* APIRequestManager.swift */,
			);
			name = Networking;
			sourceTree = "<group>";
		};
		9E6E91211E67815C00DAE0D1 /* Models */ = {
			isa = PBXGroup;
			children = (
				D388A3821E71EE9700A44EF0 /* Student.swift */,
				9E80178A1E712A9000409FA7 /* TestGrade.swift */,
				D343FDB01E6B426F00DABD00 /* Link.swift */,
				9E6E91221E67817000DAE0D1 /* Agenda.swift */,
				D388A3741E70632B00A44EF0 /* Achievement.swift */,
				D343FDAA1E6A258E00DABD00 /* Announcement.swift */,
				D388A3761E706A1900A44EF0 /* Grade.swift */,
				D388A3781E709ACD00A44EF0 /* Assignment.swift */,
			);
			name = Models;
			sourceTree = "<group>";
		};
		9EECFE7A1E64C83C00503F7F = {
			isa = PBXGroup;
			children = (
				9EECFE851E64C83D00503F7F /* weLearn */,
				2D25ED0F1E6F189700C9903E /* ShareExtension */,
				9EECFE841E64C83D00503F7F /* Products */,
				E28EAC27D3937C3FD0D891AF /* Pods */,
				6689E652E8487A0ECCDE4A6F /* Frameworks */,
			);
			sourceTree = "<group>";
		};
		9EECFE841E64C83D00503F7F /* Products */ = {
			isa = PBXGroup;
			children = (
				9EECFE831E64C83D00503F7F /* weLearn.app */,
				2D25ED0E1E6F189700C9903E /* ShareExtension.appex */,
			);
			name = Products;
			sourceTree = "<group>";
		};
		9EECFE851E64C83D00503F7F /* weLearn */ = {
			isa = PBXGroup;
			children = (
				2D25ED271E70705E00C9903E /* weLearn.entitlements */,
				9E80178C1E712AC500409FA7 /* Extension+String.swift */,
				9E6E91211E67815C00DAE0D1 /* Models */,
				9E6E911E1E677BA800DAE0D1 /* Networking */,
				D337DA2B1E64CA3600DEE7B5 /* UI */,
				9EECFE861E64C83D00503F7F /* AppDelegate.swift */,
				D343FDAE1E6B120A00DABD00 /* LinkCollectionViewCell.swift */,
				9C3FE0031E64CB6200ACC778 /* InitialViewController.swift */,
				9C3FE0051E64CC0900ACC778 /* HomeViewController.swift */,
				2DF10C811E67670A00F83751 /* AnnouncementTableViewCell.swift */,
				D388A37A1E70A76D00A44EF0 /* AssignmentTableViewCell.swift */,
				2DF10C831E6767FB00F83751 /* AgendaTableViewCell.swift */,
				2DF10C851E67687300F83751 /* DueDatesTableViewCell.swift */,
				9CFB21231E706E1C0059EB98 /* AgendaTableViewController.swift */,
				D388A36C1E704C8A00A44EF0 /* GradeTableViewCell.swift */,
				D388A3801E71C14500A44EF0 /* AchievementCollectionViewCell.swift */,
				9C3FE00B1E64CF6400ACC778 /* OldAnnouncementTableViewController.swift */,
				9C3FE0071E64CCA100ACC778 /* LinksCollectionViewController.swift */,
				D388A37C1E70AA2400A44EF0 /* AssignmentTableViewController.swift */,
				D388A36A1E6F313300A44EF0 /* ProfileViewController.swift */,
				9EECFE8D1E64C83D00503F7F /* Assets.xcassets */,
				9EECFE8F1E64C83D00503F7F /* LaunchScreen.storyboard */,
				2D25ED081E6DD97000C9903E /* GoogleService-Info.plist */,
				9EECFE921E64C83D00503F7F /* Info.plist */,
			);
			path = weLearn;
			sourceTree = "<group>";
		};
		D337DA2B1E64CA3600DEE7B5 /* UI */ = {
			isa = PBXGroup;
			children = (
				D337DA321E64CB4A00DEE7B5 /* StyleMananger.swift */,
				D3F0E6321E661CB500C5E594 /* Thirtysix.ttf */,
				D3F0E62E1E661C2900C5E594 /* Tiresias_Infofont_Italic.ttf */,
				D3F0E62F1E661C2900C5E594 /* Tiresias_Infofont.ttf */,
				D337DA2C1E64CA7200DEE7B5 /* Extension+UIColor.swift */,
				D337DA2E1E64CAD100DEE7B5 /* Extension+NavBar.swift */,
				D337DA301E64CB0200DEE7B5 /* Extension+UIView.swift */,
				D337DA341E64CB9100DEE7B5 /* OutlinedText.swift */,
				D337DA381E64CF1A00DEE7B5 /* ShinyOvalButton.swift */,
				D337DA3C1E64DABB00DEE7B5 /* PaddedTextField.swift */,
				D3F0E6341E6622DF00C5E594 /* HeaderLabel.swift */,
			);
			name = UI;
			sourceTree = "<group>";
		};
		E28EAC27D3937C3FD0D891AF /* Pods */ = {
			isa = PBXGroup;
			children = (
				51E4D27866E49E336ED8D777 /* Pods-weLearn.debug.xcconfig */,
				E98E141D62FC8335A693C086 /* Pods-weLearn.release.xcconfig */,
			);
			name = Pods;
			sourceTree = "<group>";
		};
/* End PBXGroup section */

/* Begin PBXNativeTarget section */
		2D25ED0D1E6F189700C9903E /* ShareExtension */ = {
			isa = PBXNativeTarget;
			buildConfigurationList = 2D25ED1B1E6F189700C9903E /* Build configuration list for PBXNativeTarget "ShareExtension" */;
			buildPhases = (
				2D25ED0A1E6F189700C9903E /* Sources */,
				2D25ED0B1E6F189700C9903E /* Frameworks */,
				2D25ED0C1E6F189700C9903E /* Resources */,
			);
			buildRules = (
			);
			dependencies = (
			);
			name = ShareExtension;
			productName = ShareExtension;
			productReference = 2D25ED0E1E6F189700C9903E /* ShareExtension.appex */;
			productType = "com.apple.product-type.app-extension";
		};
		9EECFE821E64C83C00503F7F /* weLearn */ = {
			isa = PBXNativeTarget;
			buildConfigurationList = 9EECFE951E64C83D00503F7F /* Build configuration list for PBXNativeTarget "weLearn" */;
			buildPhases = (
				70FB6B5A5F718D4A2A64FC60 /* [CP] Check Pods Manifest.lock */,
				9EECFE7F1E64C83C00503F7F /* Sources */,
				9EECFE801E64C83C00503F7F /* Frameworks */,
				9EECFE811E64C83C00503F7F /* Resources */,
				D2CCF4E8174F148EA3B4FA0D /* [CP] Embed Pods Frameworks */,
				B707C7D48DA1B24A365AB9E2 /* [CP] Copy Pods Resources */,
				2D25ED1C1E6F189700C9903E /* Embed App Extensions */,
			);
			buildRules = (
			);
			dependencies = (
				2D25ED171E6F189700C9903E /* PBXTargetDependency */,
			);
			name = weLearn;
			productName = weLearn;
			productReference = 9EECFE831E64C83D00503F7F /* weLearn.app */;
			productType = "com.apple.product-type.application";
		};
/* End PBXNativeTarget section */

/* Begin PBXProject section */
		9EECFE7B1E64C83C00503F7F /* Project object */ = {
			isa = PBXProject;
			attributes = {
				LastSwiftUpdateCheck = 0820;
				LastUpgradeCheck = 0820;
				ORGANIZATIONNAME = "Victor Zhong";
				TargetAttributes = {
					2D25ED0D1E6F189700C9903E = {
						CreatedOnToolsVersion = 8.2.1;
						DevelopmentTeam = BAQHSM59S2;
						ProvisioningStyle = Automatic;
						SystemCapabilities = {
							com.apple.ApplicationGroups.iOS = {
								enabled = 1;
							};
						};
					};
					9EECFE821E64C83C00503F7F = {
						CreatedOnToolsVersion = 8.2.1;
						DevelopmentTeam = BAQHSM59S2;
						ProvisioningStyle = Automatic;
						SystemCapabilities = {
							com.apple.ApplicationGroups.iOS = {
								enabled = 1;
							};
						};
					};
				};
			};
			buildConfigurationList = 9EECFE7E1E64C83C00503F7F /* Build configuration list for PBXProject "weLearn" */;
			compatibilityVersion = "Xcode 3.2";
			developmentRegion = English;
			hasScannedForEncodings = 0;
			knownRegions = (
				en,
				Base,
			);
			mainGroup = 9EECFE7A1E64C83C00503F7F;
			productRefGroup = 9EECFE841E64C83D00503F7F /* Products */;
			projectDirPath = "";
			projectRoot = "";
			targets = (
				9EECFE821E64C83C00503F7F /* weLearn */,
				2D25ED0D1E6F189700C9903E /* ShareExtension */,
			);
		};
/* End PBXProject section */

/* Begin PBXResourcesBuildPhase section */
		2D25ED0C1E6F189700C9903E /* Resources */ = {
			isa = PBXResourcesBuildPhase;
			buildActionMask = 2147483647;
			files = (
				2D25ED201E6F5B0000C9903E /* weLearnCloudWhite.png in Resources */,
				2D25ED141E6F189700C9903E /* MainInterface.storyboard in Resources */,
				2D25ED1E1E6F1B4700C9903E /* GetURL.js in Resources */,
			);
			runOnlyForDeploymentPostprocessing = 0;
		};
		9EECFE811E64C83C00503F7F /* Resources */ = {
			isa = PBXResourcesBuildPhase;
			buildActionMask = 2147483647;
			files = (
				D3F0E6311E661C2900C5E594 /* Tiresias_Infofont.ttf in Resources */,
				D3F0E6331E661CB500C5E594 /* Thirtysix.ttf in Resources */,
				9EECFE911E64C83D00503F7F /* LaunchScreen.storyboard in Resources */,
				9EECFE8E1E64C83D00503F7F /* Assets.xcassets in Resources */,
				D3F0E6301E661C2900C5E594 /* Tiresias_Infofont_Italic.ttf in Resources */,
				2D25ED091E6DD97000C9903E /* GoogleService-Info.plist in Resources */,
			);
			runOnlyForDeploymentPostprocessing = 0;
		};
/* End PBXResourcesBuildPhase section */

/* Begin PBXShellScriptBuildPhase section */
		70FB6B5A5F718D4A2A64FC60 /* [CP] Check Pods Manifest.lock */ = {
			isa = PBXShellScriptBuildPhase;
			buildActionMask = 2147483647;
			files = (
			);
			inputPaths = (
			);
			name = "[CP] Check Pods Manifest.lock";
			outputPaths = (
			);
			runOnlyForDeploymentPostprocessing = 0;
			shellPath = /bin/sh;
			shellScript = "diff \"${PODS_ROOT}/../Podfile.lock\" \"${PODS_ROOT}/Manifest.lock\" > /dev/null\nif [ $? != 0 ] ; then\n    # print error to STDERR\n    echo \"error: The sandbox is not in sync with the Podfile.lock. Run 'pod install' or update your CocoaPods installation.\" >&2\n    exit 1\nfi\n";
			showEnvVarsInLog = 0;
		};
		B707C7D48DA1B24A365AB9E2 /* [CP] Copy Pods Resources */ = {
			isa = PBXShellScriptBuildPhase;
			buildActionMask = 2147483647;
			files = (
			);
			inputPaths = (
			);
			name = "[CP] Copy Pods Resources";
			outputPaths = (
			);
			runOnlyForDeploymentPostprocessing = 0;
			shellPath = /bin/sh;
			shellScript = "\"${SRCROOT}/Pods/Target Support Files/Pods-weLearn/Pods-weLearn-resources.sh\"\n";
			showEnvVarsInLog = 0;
		};
		D2CCF4E8174F148EA3B4FA0D /* [CP] Embed Pods Frameworks */ = {
			isa = PBXShellScriptBuildPhase;
			buildActionMask = 2147483647;
			files = (
			);
			inputPaths = (
			);
			name = "[CP] Embed Pods Frameworks";
			outputPaths = (
			);
			runOnlyForDeploymentPostprocessing = 0;
			shellPath = /bin/sh;
			shellScript = "\"${SRCROOT}/Pods/Target Support Files/Pods-weLearn/Pods-weLearn-frameworks.sh\"\n";
			showEnvVarsInLog = 0;
		};
/* End PBXShellScriptBuildPhase section */

/* Begin PBXSourcesBuildPhase section */
		2D25ED0A1E6F189700C9903E /* Sources */ = {
			isa = PBXSourcesBuildPhase;
			buildActionMask = 2147483647;
			files = (
				2D25ED111E6F189700C9903E /* ShareViewController.swift in Sources */,
			);
			runOnlyForDeploymentPostprocessing = 0;
		};
		9EECFE7F1E64C83C00503F7F /* Sources */ = {
			isa = PBXSourcesBuildPhase;
			buildActionMask = 2147483647;
			files = (
				D337DA331E64CB4A00DEE7B5 /* StyleMananger.swift in Sources */,
				D337DA391E64CF1A00DEE7B5 /* ShinyOvalButton.swift in Sources */,
				D337DA351E64CB9100DEE7B5 /* OutlinedText.swift in Sources */,
				D337DA311E64CB0200DEE7B5 /* Extension+UIView.swift in Sources */,
				D388A37D1E70AA2400A44EF0 /* AssignmentTableViewController.swift in Sources */,
				D337DA3D1E64DABB00DEE7B5 /* PaddedTextField.swift in Sources */,
				D337DA2D1E64CA7200DEE7B5 /* Extension+UIColor.swift in Sources */,
				D337DA2F1E64CAD100DEE7B5 /* Extension+NavBar.swift in Sources */,
				D388A3751E70632B00A44EF0 /* Achievement.swift in Sources */,
				2DF10C841E6767FB00F83751 /* AgendaTableViewCell.swift in Sources */,
				D343FDAB1E6A258F00DABD00 /* Announcement.swift in Sources */,
				9CFB21241E706E1D0059EB98 /* AgendaTableViewController.swift in Sources */,
				2DF10C861E67687300F83751 /* DueDatesTableViewCell.swift in Sources */,
				9E6E91231E67817000DAE0D1 /* Agenda.swift in Sources */,
				D3F0E6351E6622DF00C5E594 /* HeaderLabel.swift in Sources */,
				9E80178D1E712AC500409FA7 /* Extension+String.swift in Sources */,
				2DF10C821E67670A00F83751 /* AnnouncementTableViewCell.swift in Sources */,
				9C3FE0081E64CCA100ACC778 /* LinksCollectionViewController.swift in Sources */,
				D388A36B1E6F313300A44EF0 /* ProfileViewController.swift in Sources */,
				D343FDB11E6B426F00DABD00 /* Link.swift in Sources */,
				D388A36D1E704C8B00A44EF0 /* GradeTableViewCell.swift in Sources */,
				9C3FE0041E64CB6200ACC778 /* InitialViewController.swift in Sources */,
				D388A37B1E70A76D00A44EF0 /* AssignmentTableViewCell.swift in Sources */,
				9C3FE00C1E64CF6400ACC778 /* OldAnnouncementTableViewController.swift in Sources */,
				9E6E91201E677BE100DAE0D1 /* APIRequestManager.swift in Sources */,
				D388A3831E71EE9700A44EF0 /* Student.swift in Sources */,
				9EECFE871E64C83D00503F7F /* AppDelegate.swift in Sources */,
				D388A3771E706A1900A44EF0 /* Grade.swift in Sources */,
				D343FDAF1E6B120A00DABD00 /* LinkCollectionViewCell.swift in Sources */,
				D388A3791E709ACD00A44EF0 /* Assignment.swift in Sources */,
				9C3FE0061E64CC0900ACC778 /* HomeViewController.swift in Sources */,
				D388A3811E71C14500A44EF0 /* AchievementCollectionViewCell.swift in Sources */,
				9E80178B1E712A9000409FA7 /* TestGrade.swift in Sources */,
			);
			runOnlyForDeploymentPostprocessing = 0;
		};
/* End PBXSourcesBuildPhase section */

/* Begin PBXTargetDependency section */
		2D25ED171E6F189700C9903E /* PBXTargetDependency */ = {
			isa = PBXTargetDependency;
			target = 2D25ED0D1E6F189700C9903E /* ShareExtension */;
			targetProxy = 2D25ED161E6F189700C9903E /* PBXContainerItemProxy */;
		};
/* End PBXTargetDependency section */

/* Begin PBXVariantGroup section */
		2D25ED121E6F189700C9903E /* MainInterface.storyboard */ = {
			isa = PBXVariantGroup;
			children = (
				2D25ED131E6F189700C9903E /* Base */,
			);
			name = MainInterface.storyboard;
			sourceTree = "<group>";
		};
		9EECFE8F1E64C83D00503F7F /* LaunchScreen.storyboard */ = {
			isa = PBXVariantGroup;
			children = (
				9EECFE901E64C83D00503F7F /* Base */,
			);
			name = LaunchScreen.storyboard;
			sourceTree = "<group>";
		};
/* End PBXVariantGroup section */

/* Begin XCBuildConfiguration section */
		2D25ED191E6F189700C9903E /* Debug */ = {
			isa = XCBuildConfiguration;
			buildSettings = {
				CODE_SIGN_ENTITLEMENTS = ShareExtension/ShareExtension.entitlements;
				DEVELOPMENT_TEAM = BAQHSM59S2;
				INFOPLIST_FILE = ShareExtension/Info.plist;
				IPHONEOS_DEPLOYMENT_TARGET = 10.1;
				LD_RUNPATH_SEARCH_PATHS = "$(inherited) @executable_path/Frameworks @executable_path/../../Frameworks";
				PRODUCT_BUNDLE_IDENTIFIER = nyc.c4q.viczhong.weLearn.ShareExtension;
				PRODUCT_NAME = "$(TARGET_NAME)";
				SKIP_INSTALL = YES;
				SWIFT_VERSION = 3.0;
			};
			name = Debug;
		};
		2D25ED1A1E6F189700C9903E /* Release */ = {
			isa = XCBuildConfiguration;
			buildSettings = {
				CODE_SIGN_ENTITLEMENTS = ShareExtension/ShareExtension.entitlements;
				DEVELOPMENT_TEAM = BAQHSM59S2;
				INFOPLIST_FILE = ShareExtension/Info.plist;
				IPHONEOS_DEPLOYMENT_TARGET = 10.1;
				LD_RUNPATH_SEARCH_PATHS = "$(inherited) @executable_path/Frameworks @executable_path/../../Frameworks";
				PRODUCT_BUNDLE_IDENTIFIER = nyc.c4q.viczhong.weLearn.ShareExtension;
				PRODUCT_NAME = "$(TARGET_NAME)";
				SKIP_INSTALL = YES;
				SWIFT_VERSION = 3.0;
			};
			name = Release;
		};
		9EECFE931E64C83D00503F7F /* Debug */ = {
			isa = XCBuildConfiguration;
			buildSettings = {
				ALWAYS_SEARCH_USER_PATHS = NO;
				CLANG_ANALYZER_NONNULL = YES;
				CLANG_CXX_LANGUAGE_STANDARD = "gnu++0x";
				CLANG_CXX_LIBRARY = "libc++";
				CLANG_ENABLE_MODULES = YES;
				CLANG_ENABLE_OBJC_ARC = YES;
				CLANG_WARN_BOOL_CONVERSION = YES;
				CLANG_WARN_CONSTANT_CONVERSION = YES;
				CLANG_WARN_DIRECT_OBJC_ISA_USAGE = YES_ERROR;
				CLANG_WARN_DOCUMENTATION_COMMENTS = YES;
				CLANG_WARN_EMPTY_BODY = YES;
				CLANG_WARN_ENUM_CONVERSION = YES;
				CLANG_WARN_INFINITE_RECURSION = YES;
				CLANG_WARN_INT_CONVERSION = YES;
				CLANG_WARN_OBJC_ROOT_CLASS = YES_ERROR;
				CLANG_WARN_SUSPICIOUS_MOVE = YES;
				CLANG_WARN_UNREACHABLE_CODE = YES;
				CLANG_WARN__DUPLICATE_METHOD_MATCH = YES;
				"CODE_SIGN_IDENTITY[sdk=iphoneos*]" = "iPhone Developer";
				COPY_PHASE_STRIP = NO;
				DEBUG_INFORMATION_FORMAT = dwarf;
				ENABLE_STRICT_OBJC_MSGSEND = YES;
				ENABLE_TESTABILITY = YES;
				GCC_C_LANGUAGE_STANDARD = gnu99;
				GCC_DYNAMIC_NO_PIC = NO;
				GCC_NO_COMMON_BLOCKS = YES;
				GCC_OPTIMIZATION_LEVEL = 0;
				GCC_PREPROCESSOR_DEFINITIONS = (
					"DEBUG=1",
					"$(inherited)",
				);
				GCC_WARN_64_TO_32_BIT_CONVERSION = YES;
				GCC_WARN_ABOUT_RETURN_TYPE = YES_ERROR;
				GCC_WARN_UNDECLARED_SELECTOR = YES;
				GCC_WARN_UNINITIALIZED_AUTOS = YES_AGGRESSIVE;
				GCC_WARN_UNUSED_FUNCTION = YES;
				GCC_WARN_UNUSED_VARIABLE = YES;
				IPHONEOS_DEPLOYMENT_TARGET = 10.2;
				MTL_ENABLE_DEBUG_INFO = YES;
				ONLY_ACTIVE_ARCH = YES;
				SDKROOT = iphoneos;
				SWIFT_ACTIVE_COMPILATION_CONDITIONS = DEBUG;
				SWIFT_OPTIMIZATION_LEVEL = "-Onone";
				TARGETED_DEVICE_FAMILY = "1,2";
			};
			name = Debug;
		};
		9EECFE941E64C83D00503F7F /* Release */ = {
			isa = XCBuildConfiguration;
			buildSettings = {
				ALWAYS_SEARCH_USER_PATHS = NO;
				CLANG_ANALYZER_NONNULL = YES;
				CLANG_CXX_LANGUAGE_STANDARD = "gnu++0x";
				CLANG_CXX_LIBRARY = "libc++";
				CLANG_ENABLE_MODULES = YES;
				CLANG_ENABLE_OBJC_ARC = YES;
				CLANG_WARN_BOOL_CONVERSION = YES;
				CLANG_WARN_CONSTANT_CONVERSION = YES;
				CLANG_WARN_DIRECT_OBJC_ISA_USAGE = YES_ERROR;
				CLANG_WARN_DOCUMENTATION_COMMENTS = YES;
				CLANG_WARN_EMPTY_BODY = YES;
				CLANG_WARN_ENUM_CONVERSION = YES;
				CLANG_WARN_INFINITE_RECURSION = YES;
				CLANG_WARN_INT_CONVERSION = YES;
				CLANG_WARN_OBJC_ROOT_CLASS = YES_ERROR;
				CLANG_WARN_SUSPICIOUS_MOVE = YES;
				CLANG_WARN_UNREACHABLE_CODE = YES;
				CLANG_WARN__DUPLICATE_METHOD_MATCH = YES;
				"CODE_SIGN_IDENTITY[sdk=iphoneos*]" = "iPhone Developer";
				COPY_PHASE_STRIP = NO;
				DEBUG_INFORMATION_FORMAT = "dwarf-with-dsym";
				ENABLE_NS_ASSERTIONS = NO;
				ENABLE_STRICT_OBJC_MSGSEND = YES;
				GCC_C_LANGUAGE_STANDARD = gnu99;
				GCC_NO_COMMON_BLOCKS = YES;
				GCC_WARN_64_TO_32_BIT_CONVERSION = YES;
				GCC_WARN_ABOUT_RETURN_TYPE = YES_ERROR;
				GCC_WARN_UNDECLARED_SELECTOR = YES;
				GCC_WARN_UNINITIALIZED_AUTOS = YES_AGGRESSIVE;
				GCC_WARN_UNUSED_FUNCTION = YES;
				GCC_WARN_UNUSED_VARIABLE = YES;
				IPHONEOS_DEPLOYMENT_TARGET = 10.2;
				MTL_ENABLE_DEBUG_INFO = NO;
				SDKROOT = iphoneos;
				SWIFT_OPTIMIZATION_LEVEL = "-Owholemodule";
				TARGETED_DEVICE_FAMILY = "1,2";
				VALIDATE_PRODUCT = YES;
			};
			name = Release;
		};
		9EECFE961E64C83D00503F7F /* Debug */ = {
			isa = XCBuildConfiguration;
			baseConfigurationReference = 51E4D27866E49E336ED8D777 /* Pods-weLearn.debug.xcconfig */;
			buildSettings = {
				ALWAYS_EMBED_SWIFT_STANDARD_LIBRARIES = YES;
				ASSETCATALOG_COMPILER_APPICON_NAME = AppIcon;
				CODE_SIGN_ENTITLEMENTS = weLearn/weLearn.entitlements;
				DEVELOPMENT_TEAM = BAQHSM59S2;
				INFOPLIST_FILE = weLearn/Info.plist;
				IPHONEOS_DEPLOYMENT_TARGET = 10.1;
				LD_RUNPATH_SEARCH_PATHS = "$(inherited) @executable_path/Frameworks";
				PRODUCT_BUNDLE_IDENTIFIER = nyc.c4q.viczhong.weLearn;
				PRODUCT_NAME = "$(TARGET_NAME)";
				SWIFT_VERSION = 3.0;
			};
			name = Debug;
		};
		9EECFE971E64C83D00503F7F /* Release */ = {
			isa = XCBuildConfiguration;
			baseConfigurationReference = E98E141D62FC8335A693C086 /* Pods-weLearn.release.xcconfig */;
			buildSettings = {
				ALWAYS_EMBED_SWIFT_STANDARD_LIBRARIES = YES;
				ASSETCATALOG_COMPILER_APPICON_NAME = AppIcon;
				CODE_SIGN_ENTITLEMENTS = weLearn/weLearn.entitlements;
				DEVELOPMENT_TEAM = BAQHSM59S2;
				INFOPLIST_FILE = weLearn/Info.plist;
				IPHONEOS_DEPLOYMENT_TARGET = 10.1;
				LD_RUNPATH_SEARCH_PATHS = "$(inherited) @executable_path/Frameworks";
				PRODUCT_BUNDLE_IDENTIFIER = nyc.c4q.viczhong.weLearn;
				PRODUCT_NAME = "$(TARGET_NAME)";
				SWIFT_VERSION = 3.0;
			};
			name = Release;
		};
/* End XCBuildConfiguration section */

/* Begin XCConfigurationList section */
		2D25ED1B1E6F189700C9903E /* Build configuration list for PBXNativeTarget "ShareExtension" */ = {
			isa = XCConfigurationList;
			buildConfigurations = (
				2D25ED191E6F189700C9903E /* Debug */,
				2D25ED1A1E6F189700C9903E /* Release */,
			);
			defaultConfigurationIsVisible = 0;
			defaultConfigurationName = Release;
		};
		9EECFE7E1E64C83C00503F7F /* Build configuration list for PBXProject "weLearn" */ = {
			isa = XCConfigurationList;
			buildConfigurations = (
				9EECFE931E64C83D00503F7F /* Debug */,
				9EECFE941E64C83D00503F7F /* Release */,
			);
			defaultConfigurationIsVisible = 0;
			defaultConfigurationName = Release;
		};
		9EECFE951E64C83D00503F7F /* Build configuration list for PBXNativeTarget "weLearn" */ = {
			isa = XCConfigurationList;
			buildConfigurations = (
				9EECFE961E64C83D00503F7F /* Debug */,
				9EECFE971E64C83D00503F7F /* Release */,
			);
			defaultConfigurationIsVisible = 0;
			defaultConfigurationName = Release;
		};
/* End XCConfigurationList section */
	};
	rootObject = 9EECFE7B1E64C83C00503F7F /* Project object */;
}
